# This file was autogenerated by Stack.
# You should not edit this file by hand.
# For more information, please see the documentation at:
#   https://docs.haskellstack.org/en/stable/lock_files

packages:
- completed:
    hackage: MissingH-1.6.0.1@sha256:4e2cb9fd4eff3616ada0ac8aea2b1af49ae7cfac09f0426753c6a1fcb51e9d01,4697
    pantry-tree:
      sha256: 84ab88c326a6b678c277cb184e0bacc37145a1363e5eb20b746c8d66c80d1a3d
      size: 5272
  original:
    hackage: MissingH-1.6.0.1@sha256:4e2cb9fd4eff3616ada0ac8aea2b1af49ae7cfac09f0426753c6a1fcb51e9d01,4697
snapshots:
- completed:
    sha256: e66e70a7f998036025e8f40abc89b8eeb79c88f57727020cba1b54f375aa7ca0
    size: 586292
    url: https://raw.githubusercontent.com/commercialhaskell/stackage-snapshots/master/lts/18/17.yaml
  original: lts-18.17
